
Microsoft Visual Studio Solution File, Format Version 12.00
# Visual Studio Version 17
VisualStudioVersion = 17.3.32922.545
MinimumVisualStudioVersion = 10.0.40219.1
Project("{FAE04EC0-301F-11D3-BF4B-00C04F79EFBC}") = "API_Ex", "API_Ex\API_Ex.csproj", "{659D6DDD-D31F-4E5D-872A-3DEC9524983C}"
EndProject
Global
	GlobalSection(SolutionConfigurationPlatforms) = preSolution
		Debug|Any CPU = Debug|Any CPU
		Release|Any CPU = Release|Any CPU
	EndGlobalSection
	GlobalSection(ProjectConfigurationPlatforms) = postSolution
		{659D6DDD-D31F-4E5D-872A-3DEC9524983C}.Debug|Any CPU.ActiveCfg = Debug|Any CPU
		{659D6DDD-D31F-4E5D-872A-3DEC9524983C}.Debug|Any CPU.Build.0 = Debug|Any CPU
		{659D6DDD-D31F-4E5D-872A-3DEC9524983C}.Release|Any CPU.ActiveCfg = Release|Any CPU
		{659D6DDD-D31F-4E5D-872A-3DEC9524983C}.Release|Any CPU.Build.0 = Release|Any CPU
	EndGlobalSection
	GlobalSection(SolutionProperties) = preSolution
		HideSolutionNode = FALSE
	EndGlobalSection
	GlobalSection(ExtensibilityGlobals) = postSolution
		SolutionGuid = {095A15F5-3522-4AF9-96A9-FD6F4C7DB06D}
	EndGlobalSection
EndGlobal
